// !$*UTF8*$!
{
	archiveVersion = 1;
	classes = {
	};
	objectVersion = 46;
	objects = {

/* Begin PBXBuildFile section */
		56403CBA1D87B45200406564 /* main.m in Sources */ = {isa = PBXBuildFile; fileRef = 56403CB91D87B45200406564 /* main.m */; };
		56403CC31D87B45200406564 /* Main.storyboard in Resources */ = {isa = PBXBuildFile; fileRef = 56403CC11D87B45200406564 /* Main.storyboard */; };
		56403CC51D87B45200406564 /* Assets.xcassets in Resources */ = {isa = PBXBuildFile; fileRef = 56403CC41D87B45200406564 /* Assets.xcassets */; };
		56403CC81D87B45200406564 /* LaunchScreen.storyboard in Resources */ = {isa = PBXBuildFile; fileRef = 56403CC61D87B45200406564 /* LaunchScreen.storyboard */; };
		56403CD31D87B45200406564 /* SingletonDemoTests.m in Sources */ = {isa = PBXBuildFile; fileRef = 56403CD21D87B45200406564 /* SingletonDemoTests.m */; };
		56403CDE1D87B45200406564 /* SingletonDemoUITests.m in Sources */ = {isa = PBXBuildFile; fileRef = 56403CDD1D87B45200406564 /* SingletonDemoUITests.m */; };
		56403CF71D87B45F00406564 /* AppDelegate.m in Sources */ = {isa = PBXBuildFile; fileRef = 56403CEC1D87B45F00406564 /* AppDelegate.m */; };
		56403CF81D87B45F00406564 /* ViewController.m in Sources */ = {isa = PBXBuildFile; fileRef = 56403CEE1D87B45F00406564 /* ViewController.m */; };
		56403CF91D87B45F00406564 /* LaoSiJiManager.m in Sources */ = {isa = PBXBuildFile; fileRef = 56403CF01D87B45F00406564 /* LaoSiJiManager.m */; };
		56403CFA1D87B45F00406564 /* LaoSiJiManager2.m in Sources */ = {isa = PBXBuildFile; fileRef = 56403CF21D87B45F00406564 /* LaoSiJiManager2.m */; };
		56403CFB1D87B45F00406564 /* LaoSiJiManager3.m in Sources */ = {isa = PBXBuildFile; fileRef = 56403CF41D87B45F00406564 /* LaoSiJiManager3.m */; };
		56403CFC1D87B45F00406564 /* LaoSiJiManager4.m in Sources */ = {isa = PBXBuildFile; fileRef = 56403CF61D87B45F00406564 /* LaoSiJiManager4.m */; };
/* End PBXBuildFile section */

/* Begin PBXContainerItemProxy section */
		56403CCF1D87B45200406564 /* PBXContainerItemProxy */ = {
			isa = PBXContainerItemProxy;
			containerPortal = 56403CAD1D87B45200406564 /* Project object */;
			proxyType = 1;
			remoteGlobalIDString = 56403CB41D87B45200406564;
			remoteInfo = SingletonDemo;
		};
		56403CDA1D87B45200406564 /* PBXContainerItemProxy */ = {
			isa = PBXContainerItemProxy;
			containerPortal = 56403CAD1D87B45200406564 /* Project object */;
			proxyType = 1;
			remoteGlobalIDString = 56403CB41D87B45200406564;
			remoteInfo = SingletonDemo;
		};
/* End PBXContainerItemProxy section */

/* Begin PBXFileReference section */
		56403CB51D87B45200406564 /* SingletonDemo.app */ = {isa = PBXFileReference; explicitFileType = wrapper.application; includeInIndex = 0; path = SingletonDemo.app; sourceTree = BUILT_PRODUCTS_DIR; };
		56403CB91D87B45200406564 /* main.m */ = {isa = PBXFileReference; lastKnownFileType = sourcecode.c.objc; path = main.m; sourceTree = "<group>"; };
		56403CC21D87B45200406564 /* Base */ = {isa = PBXFileReference; lastKnownFileType = file.storyboard; name = Base; path = Base.lproj/Main.storyboard; sourceTree = "<group>"; };
		56403CC41D87B45200406564 /* Assets.xcassets */ = {isa = PBXFileReference; lastKnownFileType = folder.assetcatalog; path = Assets.xcassets; sourceTree = "<group>"; };
		56403CC71D87B45200406564 /* Base */ = {isa = PBXFileReference; lastKnownFileType = file.storyboard; name = Base; path = Base.lproj/LaunchScreen.storyboard; sourceTree = "<group>"; };
		56403CC91D87B45200406564 /* Info.plist */ = {isa = PBXFileReference; lastKnownFileType = text.plist.xml; path = Info.plist; sourceTree = "<group>"; };
		56403CCE1D87B45200406564 /* SingletonDemoTests.xctest */ = {isa = PBXFileReference; explicitFileType = wrapper.cfbundle; includeInIndex = 0; path = SingletonDemoTests.xctest; sourceTree = BUILT_PRODUCTS_DIR; };
		56403CD21D87B45200406564 /* SingletonDemoTests.m */ = {isa = PBXFileReference; lastKnownFileType = sourcecode.c.objc; path = SingletonDemoTests.m; sourceTree = "<group>"; };
		56403CD41D87B45200406564 /* Info.plist */ = {isa = PBXFileReference; lastKnownFileType = text.plist.xml; path = Info.plist; sourceTree = "<group>"; };
		56403CD91D87B45200406564 /* SingletonDemoUITests.xctest */ = {isa = PBXFileReference; explicitFileType = wrapper.cfbundle; includeInIndex = 0; path = SingletonDemoUITests.xctest; sourceTree = BUILT_PRODUCTS_DIR; };
		56403CDD1D87B45200406564 /* SingletonDemoUITests.m */ = {isa = PBXFileReference; lastKnownFileType = sourcecode.c.objc; path = SingletonDemoUITests.m; sourceTree = "<group>"; };
		56403CDF1D87B45200406564 /* Info.plist */ = {isa = PBXFileReference; lastKnownFileType = text.plist.xml; path = Info.plist; sourceTree = "<group>"; };
		56403CEB1D87B45F00406564 /* AppDelegate.h */ = {isa = PBXFileReference; fileEncoding = 4; lastKnownFileType = sourcecode.c.h; path = AppDelegate.h; sourceTree = "<group>"; };
		56403CEC1D87B45F00406564 /* AppDelegate.m */ = {isa = PBXFileReference; fileEncoding = 4; lastKnownFileType = sourcecode.c.objc; path = AppDelegate.m; sourceTree = "<group>"; };
		56403CED1D87B45F00406564 /* ViewController.h */ = {isa = PBXFileReference; fileEncoding = 4; lastKnownFileType = sourcecode.c.h; path = ViewController.h; sourceTree = "<group>"; };
		56403CEE1D87B45F00406564 /* ViewController.m */ = {isa = PBXFileReference; fileEncoding = 4; lastKnownFileType = sourcecode.c.objc; path = ViewController.m; sourceTree = "<group>"; };
		56403CEF1D87B45F00406564 /* LaoSiJiManager.h */ = {isa = PBXFileReference; fileEncoding = 4; lastKnownFileType = sourcecode.c.h; path = LaoSiJiManager.h; sourceTree = "<group>"; };
		56403CF01D87B45F00406564 /* LaoSiJiManager.m */ = {isa = PBXFileReference; fileEncoding = 4; lastKnownFileType = sourcecode.c.objc; path = LaoSiJiManager.m; sourceTree = "<group>"; };
		56403CF11D87B45F00406564 /* LaoSiJiManager2.h */ = {isa = PBXFileReference; fileEncoding = 4; lastKnownFileType = sourcecode.c.h; path = LaoSiJiManager2.h; sourceTree = "<group>"; };
		56403CF21D87B45F00406564 /* LaoSiJiManager2.m */ = {isa = PBXFileReference; fileEncoding = 4; lastKnownFileType = sourcecode.c.objc; path = LaoSiJiManager2.m; sourceTree = "<group>"; };
		56403CF31D87B45F00406564 /* LaoSiJiManager3.h */ = {isa = PBXFileReference; fileEncoding = 4; lastKnownFileType = sourcecode.c.h; path = LaoSiJiManager3.h; sourceTree = "<group>"; };
		56403CF41D87B45F00406564 /* LaoSiJiManager3.m */ = {isa = PBXFileReference; fileEncoding = 4; lastKnownFileType = sourcecode.c.objc; path = LaoSiJiManager3.m; sourceTree = "<group>"; };
		56403CF51D87B45F00406564 /* LaoSiJiManager4.h */ = {isa = PBXFileReference; fileEncoding = 4; lastKnownFileType = sourcecode.c.h; path = LaoSiJiManager4.h; sourceTree = "<group>"; };
		56403CF61D87B45F00406564 /* LaoSiJiManager4.m */ = {isa = PBXFileReference; fileEncoding = 4; lastKnownFileType = sourcecode.c.objc; path = LaoSiJiManager4.m; sourceTree = "<group>"; };
/* End PBXFileReference section */

/* Begin PBXFrameworksBuildPhase section */
		56403CB21D87B45200406564 /* Frameworks */ = {
			isa = PBXFrameworksBuildPhase;
			buildActionMask = 2147483647;
			files = (
			);
			runOnlyForDeploymentPostprocessing = 0;
		};
		56403CCB1D87B45200406564 /* Frameworks */ = {
			isa = PBXFrameworksBuildPhase;
			buildActionMask = 2147483647;
			files = (
			);
			runOnlyForDeploymentPostprocessing = 0;
		};
		56403CD61D87B45200406564 /* Frameworks */ = {
			isa = PBXFrameworksBuildPhase;
			buildActionMask = 2147483647;
			files = (
			);
			runOnlyForDeploymentPostprocessing = 0;
		};
/* End PBXFrameworksBuildPhase section */

/* Begin PBXGroup section */
		56403CAC1D87B45200406564 = {
			isa = PBXGroup;
			children = (
				56403CB71D87B45200406564 /* SingletonDemo */,
				56403CD11D87B45200406564 /* SingletonDemoTests */,
				56403CDC1D87B45200406564 /* SingletonDemoUITests */,
				56403CB61D87B45200406564 /* Products */,
			);
			sourceTree = "<group>";
		};
		56403CB61D87B45200406564 /* Products */ = {
			isa = PBXGroup;
			children = (
				56403CB51D87B45200406564 /* SingletonDemo.app */,
				56403CCE1D87B45200406564 /* SingletonDemoTests.xctest */,
				56403CD91D87B45200406564 /* SingletonDemoUITests.xctest */,
			);
			name = Products;
			sourceTree = "<group>";
		};
		56403CB71D87B45200406564 /* SingletonDemo */ = {
			isa = PBXGroup;
			children = (
				56403CEB1D87B45F00406564 /* AppDelegate.h */,
				56403CEC1D87B45F00406564 /* AppDelegate.m */,
				56403CED1D87B45F00406564 /* ViewController.h */,
				56403CEE1D87B45F00406564 /* ViewController.m */,
				56403CEF1D87B45F00406564 /* LaoSiJiManager.h */,
				56403CF01D87B45F00406564 /* LaoSiJiManager.m */,
				56403CF11D87B45F00406564 /* LaoSiJiManager2.h */,
				56403CF21D87B45F00406564 /* LaoSiJiManager2.m */,
				56403CF31D87B45F00406564 /* LaoSiJiManager3.h */,
				56403CF41D87B45F00406564 /* LaoSiJiManager3.m */,
				56403CF51D87B45F00406564 /* LaoSiJiManager4.h */,
				56403CF61D87B45F00406564 /* LaoSiJiManager4.m */,
				56403CC11D87B45200406564 /* Main.storyboard */,
				56403CC41D87B45200406564 /* Assets.xcassets */,
				56403CC61D87B45200406564 /* LaunchScreen.storyboard */,
				56403CC91D87B45200406564 /* Info.plist */,
				56403CB81D87B45200406564 /* Supporting Files */,
			);
			path = SingletonDemo;
			sourceTree = "<group>";
		};
		56403CB81D87B45200406564 /* Supporting Files */ = {
			isa = PBXGroup;
			children = (
				56403CB91D87B45200406564 /* main.m */,
			);
			name = "Supporting Files";
			sourceTree = "<group>";
		};
		56403CD11D87B45200406564 /* SingletonDemoTests */ = {
			isa = PBXGroup;
			children = (
				56403CD21D87B45200406564 /* SingletonDemoTests.m */,
				56403CD41D87B45200406564 /* Info.plist */,
			);
			path = SingletonDemoTests;
			sourceTree = "<group>";
		};
		56403CDC1D87B45200406564 /* SingletonDemoUITests */ = {
			isa = PBXGroup;
			children = (
				56403CDD1D87B45200406564 /* SingletonDemoUITests.m */,
				56403CDF1D87B45200406564 /* Info.plist */,
			);
			path = SingletonDemoUITests;
			sourceTree = "<group>";
		};
/* End PBXGroup section */

/* Begin PBXNativeTarget section */
		56403CB41D87B45200406564 /* SingletonDemo */ = {
			isa = PBXNativeTarget;
			buildConfigurationList = 56403CE21D87B45200406564 /* Build configuration list for PBXNativeTarget "SingletonDemo" */;
			buildPhases = (
				56403CB11D87B45200406564 /* Sources */,
				56403CB21D87B45200406564 /* Frameworks */,
				56403CB31D87B45200406564 /* Resources */,
			);
			buildRules = (
			);
			dependencies = (
			);
			name = SingletonDemo;
			productName = SingletonDemo;
			productReference = 56403CB51D87B45200406564 /* SingletonDemo.app */;
			productType = "com.apple.product-type.application";
		};
		56403CCD1D87B45200406564 /* SingletonDemoTests */ = {
			isa = PBXNativeTarget;
			buildConfigurationList = 56403CE51D87B45200406564 /* Build configuration list for PBXNativeTarget "SingletonDemoTests" */;
			buildPhases = (
				56403CCA1D87B45200406564 /* Sources */,
				56403CCB1D87B45200406564 /* Frameworks */,
				56403CCC1D87B45200406564 /* Resources */,
			);
			buildRules = (
			);
			dependencies = (
				56403CD01D87B45200406564 /* PBXTargetDependency */,
			);
			name = SingletonDemoTests;
			productName = SingletonDemoTests;
			productReference = 56403CCE1D87B45200406564 /* SingletonDemoTests.xctest */;
			productType = "com.apple.product-type.bundle.unit-test";
		};
		56403CD81D87B45200406564 /* SingletonDemoUITests */ = {
			isa = PBXNativeTarget;
			buildConfigurationList = 56403CE81D87B45200406564 /* Build configuration list for PBXNativeTarget "SingletonDemoUITests" */;
			buildPhases = (
				56403CD51D87B45200406564 /* Sources */,
				56403CD61D87B45200406564 /* Frameworks */,
				56403CD71D87B45200406564 /* Resources */,
			);
			buildRules = (
			);
			dependencies = (
				56403CDB1D87B45200406564 /* PBXTargetDependency */,
			);
			name = SingletonDemoUITests;
			productName = SingletonDemoUITests;
			productReference = 56403CD91D87B45200406564 /* SingletonDemoUITests.xctest */;
			productType = "com.apple.product-type.bundle.ui-testing";
		};
/* End PBXNativeTarget section */

/* Begin PBXProject section */
		56403CAD1D87B45200406564 /* Project object */ = {
			isa = PBXProject;
			attributes = {
				LastUpgradeCheck = 0730;
				ORGANIZATIONNAME = Charles;
				TargetAttributes = {
					56403CB41D87B45200406564 = {
						CreatedOnToolsVersion = 7.3;
					};
					56403CCD1D87B45200406564 = {
						CreatedOnToolsVersion = 7.3;
						TestTargetID = 56403CB41D87B45200406564;
					};
					56403CD81D87B45200406564 = {
						CreatedOnToolsVersion = 7.3;
						TestTargetID = 56403CB41D87B45200406564;
					};
				};
			};
			buildConfigurationList = 56403CB01D87B45200406564 /* Build configuration list for PBXProject "SingletonDemo" */;
			compatibilityVersion = "Xcode 3.2";
			developmentRegion = English;
			hasScannedForEncodings = 0;
			knownRegions = (
				en,
				Base,
			);
			mainGroup = 56403CAC1D87B45200406564;
			productRefGroup = 56403CB61D87B45200406564 /* Products */;
			projectDirPath = "";
			projectRoot = "";
			targets = (
				56403CB41D87B45200406564 /* SingletonDemo */,
				56403CCD1D87B45200406564 /* SingletonDemoTests */,
				56403CD81D87B45200406564 /* SingletonDemoUITests */,
			);
		};
/* End PBXProject section */

/* Begin PBXResourcesBuildPhase section */
		56403CB31D87B45200406564 /* Resources */ = {
			isa = PBXResourcesBuildPhase;
			buildActionMask = 2147483647;
			files = (
				56403CC81D87B45200406564 /* LaunchScreen.storyboard in Resources */,
				56403CC51D87B45200406564 /* Assets.xcassets in Resources */,
				56403CC31D87B45200406564 /* Main.storyboard in Resources */,
			);
			runOnlyForDeploymentPostprocessing = 0;
		};
		56403CCC1D87B45200406564 /* Resources */ = {
			isa = PBXResourcesBuildPhase;
			buildActionMask = 2147483647;
			files = (
			);
			runOnlyForDeploymentPostprocessing = 0;
		};
		56403CD71D87B45200406564 /* Resources */ = {
			isa = PBXResourcesBuildPhase;
			buildActionMask = 2147483647;
			files = (
			);
			runOnlyForDeploymentPostprocessing = 0;
		};
/* End PBXResourcesBuildPhase section */

/* Begin PBXSourcesBuildPhase section */
		56403CB11D87B45200406564 /* Sources */ = {
			isa = PBXSourcesBuildPhase;
			buildActionMask = 2147483647;
			files = (
				56403CFA1D87B45F00406564 /* LaoSiJiManager2.m in Sources */,
				56403CF81D87B45F00406564 /* ViewController.m in Sources */,
				56403CF91D87B45F00406564 /* LaoSiJiManager.m in Sources */,
				56403CFB1D87B45F00406564 /* LaoSiJiManager3.m in Sources */,
				56403CFC1D87B45F00406564 /* LaoSiJiManager4.m in Sources */,
				56403CF71D87B45F00406564 /* AppDelegate.m in Sources */,
				56403CBA1D87B45200406564 /* main.m in Sources */,
			);
			runOnlyForDeploymentPostprocessing = 0;
		};
		56403CCA1D87B45200406564 /* Sources */ = {
			isa = PBXSourcesBuildPhase;
			buildActionMask = 2147483647;
			files = (
				56403CD31D87B45200406564 /* SingletonDemoTests.m in Sources */,
			);
			runOnlyForDeploymentPostprocessing = 0;
		};
		56403CD51D87B45200406564 /* Sources */ = {
			isa = PBXSourcesBuildPhase;
			buildActionMask = 2147483647;
			files = (
				56403CDE1D87B45200406564 /* SingletonDemoUITests.m in Sources */,
			);
			runOnlyForDeploymentPostprocessing = 0;
		};
/* End PBXSourcesBuildPhase section */

/* Begin PBXTargetDependency section */
		56403CD01D87B45200406564 /* PBXTargetDependency */ = {
			isa = PBXTargetDependency;
			target = 56403CB41D87B45200406564 /* SingletonDemo */;
			targetProxy = 56403CCF1D87B45200406564 /* PBXContainerItemProxy */;
		};
		56403CDB1D87B45200406564 /* PBXTargetDependency */ = {
			isa = PBXTargetDependency;
			target = 56403CB41D87B45200406564 /* SingletonDemo */;
			targetProxy = 56403CDA1D87B45200406564 /* PBXContainerItemProxy */;
		};
/* End PBXTargetDependency section */

/* Begin PBXVariantGroup section */
		56403CC11D87B45200406564 /* Main.storyboard */ = {
			isa = PBXVariantGroup;
			children = (
				56403CC21D87B45200406564 /* Base */,
			);
			name = Main.storyboard;
			sourceTree = "<group>";
		};
		56403CC61D87B45200406564 /* LaunchScreen.storyboard */ = {
			isa = PBXVariantGroup;
			children = (
				56403CC71D87B45200406564 /* Base */,
			);
			name = LaunchScreen.storyboard;
			sourceTree = "<group>";
		};
/* End PBXVariantGroup section */

/* Begin XCBuildConfiguration section */
		56403CE01D87B45200406564 /* Debug */ = {
			isa = XCBuildConfiguration;
			buildSettings = {
				ALWAYS_SEARCH_USER_PATHS = NO;
				CLANG_ANALYZER_NONNULL = YES;
				CLANG_CXX_LANGUAGE_STANDARD = "gnu++0x";
				CLANG_CXX_LIBRARY = "libc++";
				CLANG_ENABLE_MODULES = YES;
				CLANG_ENABLE_OBJC_ARC = YES;
				CLANG_WARN_BOOL_CONVERSION = YES;
				CLANG_WARN_CONSTANT_CONVERSION = YES;
				CLANG_WARN_DIRECT_OBJC_ISA_USAGE = YES_ERROR;
				CLANG_WARN_EMPTY_BODY = YES;
				CLANG_WARN_ENUM_CONVERSION = YES;
				CLANG_WARN_INT_CONVERSION = YES;
				CLANG_WARN_OBJC_ROOT_CLASS = YES_ERROR;
				CLANG_WARN_UNREACHABLE_CODE = YES;
				CLANG_WARN__DUPLICATE_METHOD_MATCH = YES;
				"CODE_SIGN_IDENTITY[sdk=iphoneos*]" = "iPhone Developer";
				COPY_PHASE_STRIP = NO;
				DEBUG_INFORMATION_FORMAT = dwarf;
				ENABLE_STRICT_OBJC_MSGSEND = YES;
				ENABLE_TESTABILITY = YES;
				GCC_C_LANGUAGE_STANDARD = gnu99;
				GCC_DYNAMIC_NO_PIC = NO;
				GCC_NO_COMMON_BLOCKS = YES;
				GCC_OPTIMIZATION_LEVEL = 0;
				GCC_PREPROCESSOR_DEFINITIONS = (
					"DEBUG=1",
					"$(inherited)",
				);
				GCC_WARN_64_TO_32_BIT_CONVERSION = YES;
				GCC_WARN_ABOUT_RETURN_TYPE = YES_ERROR;
				GCC_WARN_UNDECLARED_SELECTOR = YES;
				GCC_WARN_UNINITIALIZED_AUTOS = YES_AGGRESSIVE;
				GCC_WARN_UNUSED_FUNCTION = YES;
				GCC_WARN_UNUSED_VARIABLE = YES;
				IPHONEOS_DEPLOYMENT_TARGET = 9.3;
				MTL_ENABLE_DEBUG_INFO = YES;
				ONLY_ACTIVE_ARCH = YES;
				SDKROOT = iphoneos;
				TARGETED_DEVICE_FAMILY = "1,2";
			};
			name = Debug;
		};
		56403CE11D87B45200406564 /* Release */ = {
			isa = XCBuildConfiguration;
			buildSettings = {
				ALWAYS_SEARCH_USER_PATHS = NO;
				CLANG_ANALYZER_NONNULL = YES;
				CLANG_CXX_LANGUAGE_STANDARD = "gnu++0x";
				CLANG_CXX_LIBRARY = "libc++";
				CLANG_ENABLE_MODULES = YES;
				CLANG_ENABLE_OBJC_ARC = YES;
				CLANG_WARN_BOOL_CONVERSION = YES;
				CLANG_WARN_CONSTANT_CONVERSION = YES;
				CLANG_WARN_DIRECT_OBJC_ISA_USAGE = YES_ERROR;
				CLANG_WARN_EMPTY_BODY = YES;
				CLANG_WARN_ENUM_CONVERSION = YES;
				CLANG_WARN_INT_CONVERSION = YES;
				CLANG_WARN_OBJC_ROOT_CLASS = YES_ERROR;
				CLANG_WARN_UNREACHABLE_CODE = YES;
				CLANG_WARN__DUPLICATE_METHOD_MATCH = YES;
				"CODE_SIGN_IDENTITY[sdk=iphoneos*]" = "iPhone Developer";
				COPY_PHASE_STRIP = NO;
				DEBUG_INFORMATION_FORMAT = "dwarf-with-dsym";
				ENABLE_NS_ASSERTIONS = NO;
				ENABLE_STRICT_OBJC_MSGSEND = YES;
				GCC_C_LANGUAGE_STANDARD = gnu99;
				GCC_NO_COMMON_BLOCKS = YES;
				GCC_WARN_64_TO_32_BIT_CONVERSION = YES;
				GCC_WARN_ABOUT_RETURN_TYPE = YES_ERROR;
				GCC_WARN_UNDECLARED_SELECTOR = YES;
				GCC_WARN_UNINITIALIZED_AUTOS = YES_AGGRESSIVE;
				GCC_WARN_UNUSED_FUNCTION = YES;
				GCC_WARN_UNUSED_VARIABLE = YES;
				IPHONEOS_DEPLOYMENT_TARGET = 9.3;
				MTL_ENABLE_DEBUG_INFO = NO;
				SDKROOT = iphoneos;
				TARGETED_DEVICE_FAMILY = "1,2";
				VALIDATE_PRODUCT = YES;
			};
			name = Release;
		};
		56403CE31D87B45200406564 /* Debug */ = {
			isa = XCBuildConfiguration;
			buildSettings = {
				ASSETCATALOG_COMPILER_APPICON_NAME = AppIcon;
				INFOPLIST_FILE = SingletonDemo/Info.plist;
				LD_RUNPATH_SEARCH_PATHS = "$(inherited) @executable_path/Frameworks";
				PRODUCT_BUNDLE_IDENTIFIER = Charles.SingletonDemo;
				PRODUCT_NAME = "$(TARGET_NAME)";
			};
			name = Debug;
		};
		56403CE41D87B45200406564 /* Release */ = {
			isa = XCBuildConfiguration;
			buildSettings = {
				ASSETCATALOG_COMPILER_APPICON_NAME = AppIcon;
				INFOPLIST_FILE = SingletonDemo/Info.plist;
				LD_RUNPATH_SEARCH_PATHS = "$(inherited) @executable_path/Frameworks";
				PRODUCT_BUNDLE_IDENTIFIER = Charles.SingletonDemo;
				PRODUCT_NAME = "$(TARGET_NAME)";
			};
			name = Release;
		};
		56403CE61D87B45200406564 /* Debug */ = {
			isa = XCBuildConfiguration;
			buildSettings = {
				BUNDLE_LOADER = "$(TEST_HOST)";
				INFOPLIST_FILE = SingletonDemoTests/Info.plist;
				LD_RUNPATH_SEARCH_PATHS = "$(inherited) @executable_path/Frameworks @loader_path/Frameworks";
				PRODUCT_BUNDLE_IDENTIFIER = Charles.SingletonDemoTests;
				PRODUCT_NAME = "$(TARGET_NAME)";
				TEST_HOST = "$(BUILT_PRODUCTS_DIR)/SingletonDemo.app/SingletonDemo";
			};
			name = Debug;
		};
		56403CE71D87B45200406564 /* Release */ = {
			isa = XCBuildConfiguration;
			buildSettings = {
				BUNDLE_LOADER = "$(TEST_HOST)";
				INFOPLIST_FILE = SingletonDemoTests/Info.plist;
				LD_RUNPATH_SEARCH_PATHS = "$(inherited) @executable_path/Frameworks @loader_path/Frameworks";
				PRODUCT_BUNDLE_IDENTIFIER = Charles.SingletonDemoTests;
				PRODUCT_NAME = "$(TARGET_NAME)";
				TEST_HOST = "$(BUILT_PRODUCTS_DIR)/SingletonDemo.app/SingletonDemo";
			};
			name = Release;
		};
		56403CE91D87B45200406564 /* Debug */ = {
			isa = XCBuildConfiguration;
			buildSettings = {
				INFOPLIST_FILE = SingletonDemoUITests/Info.plist;
				LD_RUNPATH_SEARCH_PATHS = "$(inherited) @executable_path/Frameworks @loader_path/Frameworks";
				PRODUCT_BUNDLE_IDENTIFIER = Charles.SingletonDemoUITests;
				PRODUCT_NAME = "$(TARGET_NAME)";
				TEST_TARGET_NAME = SingletonDemo;
			};
			name = Debug;
		};
		56403CEA1D87B45200406564 /* Release */ = {
			isa = XCBuildConfiguration;
			buildSettings = {
				INFOPLIST_FILE = SingletonDemoUITests/Info.plist;
				LD_RUNPATH_SEARCH_PATHS = "$(inherited) @executable_path/Frameworks @loader_path/Frameworks";
				PRODUCT_BUNDLE_IDENTIFIER = Charles.SingletonDemoUITests;
				PRODUCT_NAME = "$(TARGET_NAME)";
				TEST_TARGET_NAME = SingletonDemo;
			};
			name = Release;
		};
/* End XCBuildConfiguration section */

/* Begin XCConfigurationList section */
		56403CB01D87B45200406564 /* Build configuration list for PBXProject "SingletonDemo" */ = {
			isa = XCConfigurationList;
			buildConfigurations = (
				56403CE01D87B45200406564 /* Debug */,
				56403CE11D87B45200406564 /* Release */,
			);
			defaultConfigurationIsVisible = 0;
			defaultConfigurationName = Release;
		};
		56403CE21D87B45200406564 /* Build configuration list for PBXNativeTarget "SingletonDemo" */ = {
			isa = XCConfigurationList;
			buildConfigurations = (
				56403CE31D87B45200406564 /* Debug */,
				56403CE41D87B45200406564 /* Release */,
			);
			defaultConfigurationIsVisible = 0;
		};
		56403CE51D87B45200406564 /* Build configuration list for PBXNativeTarget "SingletonDemoTests" */ = {
			isa = XCConfigurationList;
			buildConfigurations = (
				56403CE61D87B45200406564 /* Debug */,
				56403CE71D87B45200406564 /* Release */,
			);
			defaultConfigurationIsVisible = 0;
		};
		56403CE81D87B45200406564 /* Build configuration list for PBXNativeTarget "SingletonDemoUITests" */ = {
			isa = XCConfigurationList;
			buildConfigurations = (
				56403CE91D87B45200406564 /* Debug */,
				56403CEA1D87B45200406564 /* Release */,
			);
			defaultConfigurationIsVisible = 0;
		};
/* End XCConfigurationList section */
	};
	rootObject = 56403CAD1D87B45200406564 /* Project object */;
}
